// !$*UTF8*$!
{
	archiveVersion = 1;
	classes = {
	};
	objectVersion = 56;
	objects = {

/* Begin PBXBuildFile section */
		0343810545854213F611D7CD /* Pods_Catberries.framework in Frameworks */ = {isa = PBXBuildFile; fileRef = 256DE03019D6FC83928E3ABF /* Pods_Catberries.framework */; };
		61100C5F2AA7BDD100039189 /* UIViewController+Extension.swift in Sources */ = {isa = PBXBuildFile; fileRef = 61100C5E2AA7BDD100039189 /* UIViewController+Extension.swift */; };
		613B68B72AA9484000F3EF9F /* CartViewModel+Extension.swift in Sources */ = {isa = PBXBuildFile; fileRef = 613B68B62AA9484000F3EF9F /* CartViewModel+Extension.swift */; };
		61448EA42AAA337F00721D53 /* CartViewController+Extension.swift in Sources */ = {isa = PBXBuildFile; fileRef = 61448EA32AAA337F00721D53 /* CartViewController+Extension.swift */; };
		614DF7842A95691000EE20E9 /* CartDataManager.swift in Sources */ = {isa = PBXBuildFile; fileRef = 614DF7832A95691000EE20E9 /* CartDataManager.swift */; };
		614DF7862A956FFB00EE20E9 /* CartItemCell.swift in Sources */ = {isa = PBXBuildFile; fileRef = 614DF7852A956FFB00EE20E9 /* CartItemCell.swift */; };
		614DF7882A959D4800EE20E9 /* CartHeaderFooterView.swift in Sources */ = {isa = PBXBuildFile; fileRef = 614DF7872A959D4800EE20E9 /* CartHeaderFooterView.swift */; };
		614E77722A82F67B004D7D5B /* ProductDescriptionViewController.swift in Sources */ = {isa = PBXBuildFile; fileRef = 614E77712A82F67B004D7D5B /* ProductDescriptionViewController.swift */; };
		6164FF2C2A75A70500AA770E /* AppDelegate.swift in Sources */ = {isa = PBXBuildFile; fileRef = 6164FF2B2A75A70500AA770E /* AppDelegate.swift */; };
		6164FF2F2A75B2CF00AA770E /* ProductViewController+Extension.swift in Sources */ = {isa = PBXBuildFile; fileRef = 6164FF2E2A75B2CE00AA770E /* ProductViewController+Extension.swift */; };
		6164FF322A75B69700AA770E /* UIView+Extension.swift in Sources */ = {isa = PBXBuildFile; fileRef = 6164FF312A75B69700AA770E /* UIView+Extension.swift */; };
		616F142F2A9602CF0004030C /* UserSessionManager.swift in Sources */ = {isa = PBXBuildFile; fileRef = 616F142E2A9602CF0004030C /* UserSessionManager.swift */; };
		6186C0D62A69B3CA0049D959 /* SceneDelegate.swift in Sources */ = {isa = PBXBuildFile; fileRef = 6186C0D52A69B3CA0049D959 /* SceneDelegate.swift */; };
		6186C0D82A69B3CA0049D959 /* ProductCell.swift in Sources */ = {isa = PBXBuildFile; fileRef = 6186C0D72A69B3CA0049D959 /* ProductCell.swift */; };
		6186C0DD2A69B3CB0049D959 /* Assets.xcassets in Resources */ = {isa = PBXBuildFile; fileRef = 6186C0DC2A69B3CB0049D959 /* Assets.xcassets */; };
		6186C0E02A69B3CB0049D959 /* LaunchScreen.storyboard in Resources */ = {isa = PBXBuildFile; fileRef = 6186C0DE2A69B3CB0049D959 /* LaunchScreen.storyboard */; };
		6186C0E82A69B6930049D959 /* ProductViewController.swift in Sources */ = {isa = PBXBuildFile; fileRef = 6186C0E72A69B6930049D959 /* ProductViewController.swift */; };
		61B9389A2A81912C00016548 /* CollectionDataSource+Extension.swift in Sources */ = {isa = PBXBuildFile; fileRef = 61B938992A81912C00016548 /* CollectionDataSource+Extension.swift */; };
		61C64A3F2A79A75C00C18E20 /* APIClient.swift in Sources */ = {isa = PBXBuildFile; fileRef = 61C64A3E2A79A75C00C18E20 /* APIClient.swift */; };
		61C745E32A803375006AEA8D /* APIServise.swift in Sources */ = {isa = PBXBuildFile; fileRef = 61C745E22A803375006AEA8D /* APIServise.swift */; };
		61CA852F2A81304E00B0E064 /* ProductHeader.swift in Sources */ = {isa = PBXBuildFile; fileRef = 61CA852E2A81304E00B0E064 /* ProductHeader.swift */; };
		61D0D2E42A7A883A001A088F /* ProductViewModel+Extension.swift in Sources */ = {isa = PBXBuildFile; fileRef = 61D0D2E32A7A883A001A088F /* ProductViewModel+Extension.swift */; };
		61DE72822A91079B00BBE9E8 /* UIImageView.swift in Sources */ = {isa = PBXBuildFile; fileRef = 61DE72812A91079B00BBE9E8 /* UIImageView.swift */; };
		61DEAB002A96BF4800A6CBB2 /* UIButton+Extention.swift in Sources */ = {isa = PBXBuildFile; fileRef = 61DEAAFF2A96BF4800A6CBB2 /* UIButton+Extention.swift */; };
		61E13F272A8F491100FDD613 /* LoginViewModel.swift in Sources */ = {isa = PBXBuildFile; fileRef = 61E13F262A8F491100FDD613 /* LoginViewModel.swift */; };
		61E7A8C32A7C369E00B2C01D /* CollectionDataSource.swift in Sources */ = {isa = PBXBuildFile; fileRef = 61E7A8C22A7C369E00B2C01D /* CollectionDataSource.swift */; };
		61EBDDAA2A816FB5004DC8A7 /* Int+Extention.swift in Sources */ = {isa = PBXBuildFile; fileRef = 61EBDDA92A816FB5004DC8A7 /* Int+Extention.swift */; };
		61ED11892A8E23D70033F587 /* CustomTabBar.swift in Sources */ = {isa = PBXBuildFile; fileRef = 61ED11882A8E23D70033F587 /* CustomTabBar.swift */; };
		61ED11AC2A8E7C660033F587 /* LoginCoordinator.swift in Sources */ = {isa = PBXBuildFile; fileRef = 61ED11AB2A8E7C660033F587 /* LoginCoordinator.swift */; };
		61ED11AE2A8E7CD10033F587 /* LoginViewController.swift in Sources */ = {isa = PBXBuildFile; fileRef = 61ED11AD2A8E7CD10033F587 /* LoginViewController.swift */; };
		61ED11B02A8E90EF0033F587 /* TabCoordinator.swift in Sources */ = {isa = PBXBuildFile; fileRef = 61ED11AF2A8E90EF0033F587 /* TabCoordinator.swift */; };
		61ED11B32A8E9F150033F587 /* Coordinator.swift in Sources */ = {isa = PBXBuildFile; fileRef = 61ED11B22A8E9F150033F587 /* Coordinator.swift */; };
		61ED11B52A8E9FE40033F587 /* LoginCoordinator+Extention.swift in Sources */ = {isa = PBXBuildFile; fileRef = 61ED11B42A8E9FE30033F587 /* LoginCoordinator+Extention.swift */; };
		61ED11B92A8EB1C70033F587 /* TabBarPage.swift in Sources */ = {isa = PBXBuildFile; fileRef = 61ED11B82A8EB1C70033F587 /* TabBarPage.swift */; };
		61ED11BB2A8EC5720033F587 /* LoginViewController+Extention.swift in Sources */ = {isa = PBXBuildFile; fileRef = 61ED11BA2A8EC5720033F587 /* LoginViewController+Extention.swift */; };
		61EDF1682A76FEEC00E90F80 /* ProductViewModel.swift in Sources */ = {isa = PBXBuildFile; fileRef = 61EDF1672A76FEEC00E90F80 /* ProductViewModel.swift */; };
		61EDF16D2A771BCD00E90F80 /* SceneCoordinator.swift in Sources */ = {isa = PBXBuildFile; fileRef = 61EDF16C2A771BCD00E90F80 /* SceneCoordinator.swift */; };
		61EDF16F2A771D7E00E90F80 /* ProductCoordinator.swift in Sources */ = {isa = PBXBuildFile; fileRef = 61EDF16E2A771D7E00E90F80 /* ProductCoordinator.swift */; };
		61EDF1762A771F4A00E90F80 /* SettingsCoordinator.swift in Sources */ = {isa = PBXBuildFile; fileRef = 61EDF1752A771F4A00E90F80 /* SettingsCoordinator.swift */; };
		61EDF1782A771F8F00E90F80 /* SettingsViewModel.swift in Sources */ = {isa = PBXBuildFile; fileRef = 61EDF1772A771F8F00E90F80 /* SettingsViewModel.swift */; };
		61EDF17C2A7720D300E90F80 /* SettingsViewController.swift in Sources */ = {isa = PBXBuildFile; fileRef = 61EDF17B2A7720D300E90F80 /* SettingsViewController.swift */; };
		61EDF17F2A77224900E90F80 /* CartCoordinator.swift in Sources */ = {isa = PBXBuildFile; fileRef = 61EDF17E2A77224900E90F80 /* CartCoordinator.swift */; };
		61EDF1812A77227F00E90F80 /* CartViewModel.swift in Sources */ = {isa = PBXBuildFile; fileRef = 61EDF1802A77227F00E90F80 /* CartViewModel.swift */; };
		61EDF1832A7722BA00E90F80 /* CartViewController.swift in Sources */ = {isa = PBXBuildFile; fileRef = 61EDF1822A7722BA00E90F80 /* CartViewController.swift */; };
		61EDF1852A77340100E90F80 /* TabBarController.swift in Sources */ = {isa = PBXBuildFile; fileRef = 61EDF1842A77340100E90F80 /* TabBarController.swift */; };
/* End PBXBuildFile section */

/* Begin PBXFileReference section */
		1E6F2C321CBFD32FE79DA052 /* Pods-Catberries.debug.xcconfig */ = {isa = PBXFileReference; includeInIndex = 1; lastKnownFileType = text.xcconfig; name = "Pods-Catberries.debug.xcconfig"; path = "Target Support Files/Pods-Catberries/Pods-Catberries.debug.xcconfig"; sourceTree = "<group>"; };
		256DE03019D6FC83928E3ABF /* Pods_Catberries.framework */ = {isa = PBXFileReference; explicitFileType = wrapper.framework; includeInIndex = 0; path = Pods_Catberries.framework; sourceTree = BUILT_PRODUCTS_DIR; };
		61100C5E2AA7BDD100039189 /* UIViewController+Extension.swift */ = {isa = PBXFileReference; lastKnownFileType = sourcecode.swift; path = "UIViewController+Extension.swift"; sourceTree = "<group>"; };
		613B68B62AA9484000F3EF9F /* CartViewModel+Extension.swift */ = {isa = PBXFileReference; lastKnownFileType = sourcecode.swift; path = "CartViewModel+Extension.swift"; sourceTree = "<group>"; };
		61448EA32AAA337F00721D53 /* CartViewController+Extension.swift */ = {isa = PBXFileReference; lastKnownFileType = sourcecode.swift; path = "CartViewController+Extension.swift"; sourceTree = "<group>"; };
		614DF7832A95691000EE20E9 /* CartDataManager.swift */ = {isa = PBXFileReference; lastKnownFileType = sourcecode.swift; path = CartDataManager.swift; sourceTree = "<group>"; };
		614DF7852A956FFB00EE20E9 /* CartItemCell.swift */ = {isa = PBXFileReference; lastKnownFileType = sourcecode.swift; path = CartItemCell.swift; sourceTree = "<group>"; };
		614DF7872A959D4800EE20E9 /* CartHeaderFooterView.swift */ = {isa = PBXFileReference; lastKnownFileType = sourcecode.swift; path = CartHeaderFooterView.swift; sourceTree = "<group>"; };
		614E77712A82F67B004D7D5B /* ProductDescriptionViewController.swift */ = {isa = PBXFileReference; fileEncoding = 4; lastKnownFileType = sourcecode.swift; path = ProductDescriptionViewController.swift; sourceTree = "<group>"; };
		6164FF2B2A75A70500AA770E /* AppDelegate.swift */ = {isa = PBXFileReference; lastKnownFileType = sourcecode.swift; path = AppDelegate.swift; sourceTree = "<group>"; };
		6164FF2E2A75B2CE00AA770E /* ProductViewController+Extension.swift */ = {isa = PBXFileReference; lastKnownFileType = sourcecode.swift; path = "ProductViewController+Extension.swift"; sourceTree = "<group>"; };
		6164FF312A75B69700AA770E /* UIView+Extension.swift */ = {isa = PBXFileReference; lastKnownFileType = sourcecode.swift; path = "UIView+Extension.swift"; sourceTree = "<group>"; };
		616F142E2A9602CF0004030C /* UserSessionManager.swift */ = {isa = PBXFileReference; lastKnownFileType = sourcecode.swift; path = UserSessionManager.swift; sourceTree = "<group>"; };
		6186C0D02A69B3CA0049D959 /* Catberries.app */ = {isa = PBXFileReference; explicitFileType = wrapper.application; includeInIndex = 0; path = Catberries.app; sourceTree = BUILT_PRODUCTS_DIR; };
		6186C0D52A69B3CA0049D959 /* SceneDelegate.swift */ = {isa = PBXFileReference; lastKnownFileType = sourcecode.swift; path = SceneDelegate.swift; sourceTree = "<group>"; };
		6186C0D72A69B3CA0049D959 /* ProductCell.swift */ = {isa = PBXFileReference; lastKnownFileType = sourcecode.swift; path = ProductCell.swift; sourceTree = "<group>"; };
		6186C0DC2A69B3CB0049D959 /* Assets.xcassets */ = {isa = PBXFileReference; lastKnownFileType = folder.assetcatalog; path = Assets.xcassets; sourceTree = "<group>"; };
		6186C0DF2A69B3CB0049D959 /* Base */ = {isa = PBXFileReference; lastKnownFileType = file.storyboard; name = Base; path = Base.lproj/LaunchScreen.storyboard; sourceTree = "<group>"; };
		6186C0E12A69B3CB0049D959 /* Info.plist */ = {isa = PBXFileReference; lastKnownFileType = text.plist.xml; path = Info.plist; sourceTree = "<group>"; };
		6186C0E72A69B6930049D959 /* ProductViewController.swift */ = {isa = PBXFileReference; lastKnownFileType = sourcecode.swift; path = ProductViewController.swift; sourceTree = "<group>"; };
		61B938992A81912C00016548 /* CollectionDataSource+Extension.swift */ = {isa = PBXFileReference; fileEncoding = 4; lastKnownFileType = sourcecode.swift; path = "CollectionDataSource+Extension.swift"; sourceTree = SOURCE_ROOT; };
		61C64A3E2A79A75C00C18E20 /* APIClient.swift */ = {isa = PBXFileReference; lastKnownFileType = sourcecode.swift; path = APIClient.swift; sourceTree = "<group>"; };
		61C745E22A803375006AEA8D /* APIServise.swift */ = {isa = PBXFileReference; lastKnownFileType = sourcecode.swift; path = APIServise.swift; sourceTree = "<group>"; };
		61CA852E2A81304E00B0E064 /* ProductHeader.swift */ = {isa = PBXFileReference; fileEncoding = 4; lastKnownFileType = sourcecode.swift; path = ProductHeader.swift; sourceTree = "<group>"; };
		61D0D2E32A7A883A001A088F /* ProductViewModel+Extension.swift */ = {isa = PBXFileReference; lastKnownFileType = sourcecode.swift; path = "ProductViewModel+Extension.swift"; sourceTree = "<group>"; };
		61DE72812A91079B00BBE9E8 /* UIImageView.swift */ = {isa = PBXFileReference; lastKnownFileType = sourcecode.swift; path = UIImageView.swift; sourceTree = "<group>"; };
		61DEAAFF2A96BF4800A6CBB2 /* UIButton+Extention.swift */ = {isa = PBXFileReference; lastKnownFileType = sourcecode.swift; path = "UIButton+Extention.swift"; sourceTree = "<group>"; };
		61E13F262A8F491100FDD613 /* LoginViewModel.swift */ = {isa = PBXFileReference; lastKnownFileType = sourcecode.swift; path = LoginViewModel.swift; sourceTree = "<group>"; };
		61E7A8C22A7C369E00B2C01D /* CollectionDataSource.swift */ = {isa = PBXFileReference; fileEncoding = 4; lastKnownFileType = sourcecode.swift; path = CollectionDataSource.swift; sourceTree = "<group>"; };
		61EBDDA92A816FB5004DC8A7 /* Int+Extention.swift */ = {isa = PBXFileReference; fileEncoding = 4; lastKnownFileType = sourcecode.swift; name = "Int+Extention.swift"; path = "Catberries/Extensions/Int+Extention.swift"; sourceTree = SOURCE_ROOT; };
		61ED11882A8E23D70033F587 /* CustomTabBar.swift */ = {isa = PBXFileReference; lastKnownFileType = sourcecode.swift; path = CustomTabBar.swift; sourceTree = "<group>"; };
		61ED11AB2A8E7C660033F587 /* LoginCoordinator.swift */ = {isa = PBXFileReference; lastKnownFileType = sourcecode.swift; path = LoginCoordinator.swift; sourceTree = "<group>"; };
		61ED11AD2A8E7CD10033F587 /* LoginViewController.swift */ = {isa = PBXFileReference; lastKnownFileType = sourcecode.swift; path = LoginViewController.swift; sourceTree = "<group>"; };
		61ED11AF2A8E90EF0033F587 /* TabCoordinator.swift */ = {isa = PBXFileReference; lastKnownFileType = sourcecode.swift; path = TabCoordinator.swift; sourceTree = "<group>"; };
		61ED11B22A8E9F150033F587 /* Coordinator.swift */ = {isa = PBXFileReference; lastKnownFileType = sourcecode.swift; path = Coordinator.swift; sourceTree = "<group>"; };
		61ED11B42A8E9FE30033F587 /* LoginCoordinator+Extention.swift */ = {isa = PBXFileReference; lastKnownFileType = sourcecode.swift; path = "LoginCoordinator+Extention.swift"; sourceTree = "<group>"; };
		61ED11B82A8EB1C70033F587 /* TabBarPage.swift */ = {isa = PBXFileReference; lastKnownFileType = sourcecode.swift; path = TabBarPage.swift; sourceTree = "<group>"; };
		61ED11BA2A8EC5720033F587 /* LoginViewController+Extention.swift */ = {isa = PBXFileReference; lastKnownFileType = sourcecode.swift; path = "LoginViewController+Extention.swift"; sourceTree = "<group>"; };
		61EDF1672A76FEEC00E90F80 /* ProductViewModel.swift */ = {isa = PBXFileReference; lastKnownFileType = sourcecode.swift; path = ProductViewModel.swift; sourceTree = "<group>"; };
		61EDF16C2A771BCD00E90F80 /* SceneCoordinator.swift */ = {isa = PBXFileReference; lastKnownFileType = sourcecode.swift; name = SceneCoordinator.swift; path = Login/SceneCoordinator.swift; sourceTree = "<group>"; };
		61EDF16E2A771D7E00E90F80 /* ProductCoordinator.swift */ = {isa = PBXFileReference; lastKnownFileType = sourcecode.swift; path = ProductCoordinator.swift; sourceTree = "<group>"; };
		61EDF1752A771F4A00E90F80 /* SettingsCoordinator.swift */ = {isa = PBXFileReference; lastKnownFileType = sourcecode.swift; path = SettingsCoordinator.swift; sourceTree = "<group>"; };
		61EDF1772A771F8F00E90F80 /* SettingsViewModel.swift */ = {isa = PBXFileReference; lastKnownFileType = sourcecode.swift; path = SettingsViewModel.swift; sourceTree = "<group>"; };
		61EDF17B2A7720D300E90F80 /* SettingsViewController.swift */ = {isa = PBXFileReference; lastKnownFileType = sourcecode.swift; path = SettingsViewController.swift; sourceTree = "<group>"; };
		61EDF17E2A77224900E90F80 /* CartCoordinator.swift */ = {isa = PBXFileReference; lastKnownFileType = sourcecode.swift; path = CartCoordinator.swift; sourceTree = "<group>"; };
		61EDF1802A77227F00E90F80 /* CartViewModel.swift */ = {isa = PBXFileReference; lastKnownFileType = sourcecode.swift; path = CartViewModel.swift; sourceTree = "<group>"; };
		61EDF1822A7722BA00E90F80 /* CartViewController.swift */ = {isa = PBXFileReference; lastKnownFileType = sourcecode.swift; path = CartViewController.swift; sourceTree = "<group>"; };
		61EDF1842A77340100E90F80 /* TabBarController.swift */ = {isa = PBXFileReference; lastKnownFileType = sourcecode.swift; path = TabBarController.swift; sourceTree = "<group>"; };
		8E02A8DD9A5410AEEE847851 /* Pods-Catberries.release.xcconfig */ = {isa = PBXFileReference; includeInIndex = 1; lastKnownFileType = text.xcconfig; name = "Pods-Catberries.release.xcconfig"; path = "Target Support Files/Pods-Catberries/Pods-Catberries.release.xcconfig"; sourceTree = "<group>"; };
/* End PBXFileReference section */

/* Begin PBXFrameworksBuildPhase section */
		6186C0CD2A69B3CA0049D959 /* Frameworks */ = {
			isa = PBXFrameworksBuildPhase;
			buildActionMask = 2147483647;
			files = (
				0343810545854213F611D7CD /* Pods_Catberries.framework in Frameworks */,
			);
			runOnlyForDeploymentPostprocessing = 0;
		};
/* End PBXFrameworksBuildPhase section */

/* Begin PBXGroup section */
		4174A82AC6DA985A860800D6 /* Frameworks */ = {
			isa = PBXGroup;
			children = (
				256DE03019D6FC83928E3ABF /* Pods_Catberries.framework */,
			);
			name = Frameworks;
			sourceTree = "<group>";
		};
		4EA9EB656F97EFA106C1D5EF /* Pods */ = {
			isa = PBXGroup;
			children = (
				1E6F2C321CBFD32FE79DA052 /* Pods-Catberries.debug.xcconfig */,
				8E02A8DD9A5410AEEE847851 /* Pods-Catberries.release.xcconfig */,
			);
			path = Pods;
			sourceTree = "<group>";
		};
		611649C42A82F5CB002BD266 /* ProductDescription */ = {
			isa = PBXGroup;
			children = (
				614E77712A82F67B004D7D5B /* ProductDescriptionViewController.swift */,
			);
			path = ProductDescription;
			sourceTree = "<group>";
		};
		6164FF222A7595CB00AA770E /* Application */ = {
			isa = PBXGroup;
			children = (
				6186C0D52A69B3CA0049D959 /* SceneDelegate.swift */,
				6164FF2B2A75A70500AA770E /* AppDelegate.swift */,
			);
			path = Application;
			sourceTree = "<group>";
		};
		6164FF2D2A75B2BA00AA770E /* Extensions */ = {
			isa = PBXGroup;
			children = (
				61448EA32AAA337F00721D53 /* CartViewController+Extension.swift */,
				613B68B62AA9484000F3EF9F /* CartViewModel+Extension.swift */,
				61B938992A81912C00016548 /* CollectionDataSource+Extension.swift */,
				61EBDDA92A816FB5004DC8A7 /* Int+Extention.swift */,
				61ED11B42A8E9FE30033F587 /* LoginCoordinator+Extention.swift */,
				61ED11BA2A8EC5720033F587 /* LoginViewController+Extention.swift */,
				6164FF2E2A75B2CE00AA770E /* ProductViewController+Extension.swift */,
				61D0D2E32A7A883A001A088F /* ProductViewModel+Extension.swift */,
				61DEAAFF2A96BF4800A6CBB2 /* UIButton+Extention.swift */,
				61DE72812A91079B00BBE9E8 /* UIImageView.swift */,
				6164FF312A75B69700AA770E /* UIView+Extension.swift */,
				61100C5E2AA7BDD100039189 /* UIViewController+Extension.swift */,
			);
			path = Extensions;
			sourceTree = "<group>";
		};
		6164FF302A75B59000AA770E /* Resources */ = {
			isa = PBXGroup;
			children = (
				61ED11B82A8EB1C70033F587 /* TabBarPage.swift */,
			);
			path = Resources;
			sourceTree = "<group>";
		};
		6186C0C72A69B3C90049D959 = {
			isa = PBXGroup;
			children = (
				6186C0D22A69B3CA0049D959 /* Catberries */,
				6186C0D12A69B3CA0049D959 /* Products */,
				4EA9EB656F97EFA106C1D5EF /* Pods */,
				4174A82AC6DA985A860800D6 /* Frameworks */,
			);
			sourceTree = "<group>";
		};
		6186C0D12A69B3CA0049D959 /* Products */ = {
			isa = PBXGroup;
			children = (
				6186C0D02A69B3CA0049D959 /* Catberries.app */,
			);
			name = Products;
			sourceTree = "<group>";
		};
		6186C0D22A69B3CA0049D959 /* Catberries */ = {
			isa = PBXGroup;
			children = (
				616F142E2A9602CF0004030C /* UserSessionManager.swift */,
				61EDF16C2A771BCD00E90F80 /* SceneCoordinator.swift */,
				6164FF222A7595CB00AA770E /* Application */,
				6164FF2D2A75B2BA00AA770E /* Extensions */,
				61ED11AA2A8E7C4E0033F587 /* Login */,
				61ED11872A8E23410033F587 /* TabBar */,
				61CA85302A81365B00B0E064 /* API */,
				61EDF1692A770FC100E90F80 /* Product */,
				611649C42A82F5CB002BD266 /* ProductDescription */,
				61EDF17D2A77220200E90F80 /* Cart */,
				61EDF1742A771EF500E90F80 /* Settings */,
				61ED11B12A8E9EED0033F587 /* Coordinator */,
				6164FF302A75B59000AA770E /* Resources */,
				6186C0DC2A69B3CB0049D959 /* Assets.xcassets */,
				6186C0DE2A69B3CB0049D959 /* LaunchScreen.storyboard */,
				6186C0E12A69B3CB0049D959 /* Info.plist */,
			);
			path = Catberries;
			sourceTree = "<group>";
		};
		61CA85302A81365B00B0E064 /* API */ = {
			isa = PBXGroup;
			children = (
				61C64A3E2A79A75C00C18E20 /* APIClient.swift */,
				61C745E22A803375006AEA8D /* APIServise.swift */,
			);
			path = API;
			sourceTree = "<group>";
		};
		61ED11872A8E23410033F587 /* TabBar */ = {
			isa = PBXGroup;
			children = (
				61ED11AF2A8E90EF0033F587 /* TabCoordinator.swift */,
				61ED11882A8E23D70033F587 /* CustomTabBar.swift */,
				61EDF1842A77340100E90F80 /* TabBarController.swift */,
			);
			path = TabBar;
			sourceTree = "<group>";
		};
		61ED11AA2A8E7C4E0033F587 /* Login */ = {
			isa = PBXGroup;
			children = (
				61ED11AB2A8E7C660033F587 /* LoginCoordinator.swift */,
				61E13F262A8F491100FDD613 /* LoginViewModel.swift */,
				61ED11AD2A8E7CD10033F587 /* LoginViewController.swift */,
			);
			path = Login;
			sourceTree = "<group>";
		};
		61ED11B12A8E9EED0033F587 /* Coordinator */ = {
			isa = PBXGroup;
			children = (
				61ED11B22A8E9F150033F587 /* Coordinator.swift */,
			);
			path = Coordinator;
			sourceTree = "<group>";
		};
		61EDF1692A770FC100E90F80 /* Product */ = {
			isa = PBXGroup;
			children = (
				61E7A8C22A7C369E00B2C01D /* CollectionDataSource.swift */,
				6186C0D72A69B3CA0049D959 /* ProductCell.swift */,
				61EDF16E2A771D7E00E90F80 /* ProductCoordinator.swift */,
				61CA852E2A81304E00B0E064 /* ProductHeader.swift */,
				6186C0E72A69B6930049D959 /* ProductViewController.swift */,
				61EDF1672A76FEEC00E90F80 /* ProductViewModel.swift */,
			);
			path = Product;
			sourceTree = "<group>";
		};
		61EDF1742A771EF500E90F80 /* Settings */ = {
			isa = PBXGroup;
			children = (
				61EDF1752A771F4A00E90F80 /* SettingsCoordinator.swift */,
				61EDF1772A771F8F00E90F80 /* SettingsViewModel.swift */,
				61EDF17B2A7720D300E90F80 /* SettingsViewController.swift */,
			);
			path = Settings;
			sourceTree = "<group>";
		};
		61EDF17D2A77220200E90F80 /* Cart */ = {
			isa = PBXGroup;
			children = (
				61EDF17E2A77224900E90F80 /* CartCoordinator.swift */,
				614DF7832A95691000EE20E9 /* CartDataManager.swift */,
				614DF7852A956FFB00EE20E9 /* CartItemCell.swift */,
				61EDF1822A7722BA00E90F80 /* CartViewController.swift */,
				61EDF1802A77227F00E90F80 /* CartViewModel.swift */,
				614DF7872A959D4800EE20E9 /* CartHeaderFooterView.swift */,
			);
			path = Cart;
			sourceTree = "<group>";
		};
/* End PBXGroup section */

/* Begin PBXNativeTarget section */
		6186C0CF2A69B3CA0049D959 /* Catberries */ = {
			isa = PBXNativeTarget;
			buildConfigurationList = 6186C0E42A69B3CB0049D959 /* Build configuration list for PBXNativeTarget "Catberries" */;
			buildPhases = (
				448F6740301D5A5D45C10FD7 /* [CP] Check Pods Manifest.lock */,
				6186C0CC2A69B3CA0049D959 /* Sources */,
				6186C0CD2A69B3CA0049D959 /* Frameworks */,
				6186C0CE2A69B3CA0049D959 /* Resources */,
				615138272A7856D8000077EA /* ShellScript */,
				F2930921F146C1D95227C57B /* [CP] Embed Pods Frameworks */,
			);
			buildRules = (
			);
			dependencies = (
			);
			name = Catberries;
			productName = Catberries;
			productReference = 6186C0D02A69B3CA0049D959 /* Catberries.app */;
			productType = "com.apple.product-type.application";
		};
/* End PBXNativeTarget section */

/* Begin PBXProject section */
		6186C0C82A69B3C90049D959 /* Project object */ = {
			isa = PBXProject;
			attributes = {
				BuildIndependentTargetsInParallel = 1;
				LastSwiftUpdateCheck = 1430;
				LastUpgradeCheck = 1430;
				TargetAttributes = {
					6186C0CF2A69B3CA0049D959 = {
						CreatedOnToolsVersion = 14.3.1;
					};
				};
			};
			buildConfigurationList = 6186C0CB2A69B3C90049D959 /* Build configuration list for PBXProject "Catberries" */;
			compatibilityVersion = "Xcode 14.0";
			developmentRegion = en;
			hasScannedForEncodings = 0;
			knownRegions = (
				en,
				Base,
			);
			mainGroup = 6186C0C72A69B3C90049D959;
			productRefGroup = 6186C0D12A69B3CA0049D959 /* Products */;
			projectDirPath = "";
			projectRoot = "";
			targets = (
				6186C0CF2A69B3CA0049D959 /* Catberries */,
			);
		};
/* End PBXProject section */

/* Begin PBXResourcesBuildPhase section */
		6186C0CE2A69B3CA0049D959 /* Resources */ = {
			isa = PBXResourcesBuildPhase;
			buildActionMask = 2147483647;
			files = (
				6186C0E02A69B3CB0049D959 /* LaunchScreen.storyboard in Resources */,
				6186C0DD2A69B3CB0049D959 /* Assets.xcassets in Resources */,
			);
			runOnlyForDeploymentPostprocessing = 0;
		};
/* End PBXResourcesBuildPhase section */

/* Begin PBXShellScriptBuildPhase section */
		448F6740301D5A5D45C10FD7 /* [CP] Check Pods Manifest.lock */ = {
			isa = PBXShellScriptBuildPhase;
			buildActionMask = 2147483647;
			files = (
			);
			inputFileListPaths = (
			);
			inputPaths = (
				"${PODS_PODFILE_DIR_PATH}/Podfile.lock",
				"${PODS_ROOT}/Manifest.lock",
			);
			name = "[CP] Check Pods Manifest.lock";
			outputFileListPaths = (
			);
			outputPaths = (
				"$(DERIVED_FILE_DIR)/Pods-Catberries-checkManifestLockResult.txt",
			);
			runOnlyForDeploymentPostprocessing = 0;
			shellPath = /bin/sh;
			shellScript = "diff \"${PODS_PODFILE_DIR_PATH}/Podfile.lock\" \"${PODS_ROOT}/Manifest.lock\" > /dev/null\nif [ $? != 0 ] ; then\n    # print error to STDERR\n    echo \"error: The sandbox is not in sync with the Podfile.lock. Run 'pod install' or update your CocoaPods installation.\" >&2\n    exit 1\nfi\n# This output is used by Xcode 'outputs' to avoid re-running this script phase.\necho \"SUCCESS\" > \"${SCRIPT_OUTPUT_FILE_0}\"\n";
			showEnvVarsInLog = 0;
		};
		615138272A7856D8000077EA /* ShellScript */ = {
			isa = PBXShellScriptBuildPhase;
			alwaysOutOfDate = 1;
			buildActionMask = 2147483647;
			files = (
			);
			inputFileListPaths = (
			);
			inputPaths = (
			);
			outputFileListPaths = (
			);
			outputPaths = (
			);
			runOnlyForDeploymentPostprocessing = 0;
			shellPath = /bin/sh;
			shellScript = "SWIFT_LINT=/usr/local/bin/swiftlint\nif [[ -e \"${SWIFT_LINT}\" ]]; then\necho \"[I] Found SwiftLint at ${SWIFT_LINT}\"\nelse\necho \"[!] Local SwiftLint not found at ${SWIFT_LINT}\"\nexport SWIFT_LINT=${PWD}/Pods/SwiftLint/swiftlint\necho \"[I] Try to using SwiftLint from cocoapods at ${SWIFT_LINT}\"\nfi\nif [[ ! -e \"${SWIFT_LINT}\" ]]; then\necho \"[!] SwifLint is not installed.\"\necho \"[!] Expected location is '${SWIFT_LINT}'\"\necho \"[!] Please install it. eg. 'brew install swiftlint'\"\nexit 1\nfi\necho \"[I] SwiftLint version: $(${SWIFT_LINT} version)\"\ngit ls-files --other --modified --exclude-standard -- \"*.swift\" | while read filename; do\n$SWIFT_LINT lint \"$filename\";\n$SWIFT_LINT autocorrect \"$filename\";\ndone\n";
		};
		F2930921F146C1D95227C57B /* [CP] Embed Pods Frameworks */ = {
			isa = PBXShellScriptBuildPhase;
			buildActionMask = 2147483647;
			files = (
			);
			inputFileListPaths = (
				"${PODS_ROOT}/Target Support Files/Pods-Catberries/Pods-Catberries-frameworks-${CONFIGURATION}-input-files.xcfilelist",
			);
			name = "[CP] Embed Pods Frameworks";
			outputFileListPaths = (
				"${PODS_ROOT}/Target Support Files/Pods-Catberries/Pods-Catberries-frameworks-${CONFIGURATION}-output-files.xcfilelist",
			);
			runOnlyForDeploymentPostprocessing = 0;
			shellPath = /bin/sh;
			shellScript = "\"${PODS_ROOT}/Target Support Files/Pods-Catberries/Pods-Catberries-frameworks.sh\"\n";
			showEnvVarsInLog = 0;
		};
/* End PBXShellScriptBuildPhase section */

/* Begin PBXSourcesBuildPhase section */
		6186C0CC2A69B3CA0049D959 /* Sources */ = {
			isa = PBXSourcesBuildPhase;
			buildActionMask = 2147483647;
			files = (
				61C64A3F2A79A75C00C18E20 /* APIClient.swift in Sources */,
				614E77722A82F67B004D7D5B /* ProductDescriptionViewController.swift in Sources */,
				61ED11B52A8E9FE40033F587 /* LoginCoordinator+Extention.swift in Sources */,
				61ED11AC2A8E7C660033F587 /* LoginCoordinator.swift in Sources */,
				614DF7882A959D4800EE20E9 /* CartHeaderFooterView.swift in Sources */,
				61CA852F2A81304E00B0E064 /* ProductHeader.swift in Sources */,
				61ED11BB2A8EC5720033F587 /* LoginViewController+Extention.swift in Sources */,
				61EDF1832A7722BA00E90F80 /* CartViewController.swift in Sources */,
				61100C5F2AA7BDD100039189 /* UIViewController+Extension.swift in Sources */,
				61ED11B92A8EB1C70033F587 /* TabBarPage.swift in Sources */,
				613B68B72AA9484000F3EF9F /* CartViewModel+Extension.swift in Sources */,
				61ED11AE2A8E7CD10033F587 /* LoginViewController.swift in Sources */,
				61DEAB002A96BF4800A6CBB2 /* UIButton+Extention.swift in Sources */,
				61ED11892A8E23D70033F587 /* CustomTabBar.swift in Sources */,
				6186C0E82A69B6930049D959 /* ProductViewController.swift in Sources */,
				61EDF17F2A77224900E90F80 /* CartCoordinator.swift in Sources */,
				616F142F2A9602CF0004030C /* UserSessionManager.swift in Sources */,
				61ED11B02A8E90EF0033F587 /* TabCoordinator.swift in Sources */,
				614DF7862A956FFB00EE20E9 /* CartItemCell.swift in Sources */,
				61C745E32A803375006AEA8D /* APIServise.swift in Sources */,
				61EDF1812A77227F00E90F80 /* CartViewModel.swift in Sources */,
				61EDF1782A771F8F00E90F80 /* SettingsViewModel.swift in Sources */,
				61DE72822A91079B00BBE9E8 /* UIImageView.swift in Sources */,
				61EDF1762A771F4A00E90F80 /* SettingsCoordinator.swift in Sources */,
				61D0D2E42A7A883A001A088F /* ProductViewModel+Extension.swift in Sources */,
				61EDF16D2A771BCD00E90F80 /* SceneCoordinator.swift in Sources */,
				61EBDDAA2A816FB5004DC8A7 /* Int+Extention.swift in Sources */,
				61E7A8C32A7C369E00B2C01D /* CollectionDataSource.swift in Sources */,
				61EDF1852A77340100E90F80 /* TabBarController.swift in Sources */,
				6186C0D82A69B3CA0049D959 /* ProductCell.swift in Sources */,
				61448EA42AAA337F00721D53 /* CartViewController+Extension.swift in Sources */,
				61EDF17C2A7720D300E90F80 /* SettingsViewController.swift in Sources */,
				6164FF2C2A75A70500AA770E /* AppDelegate.swift in Sources */,
				61E13F272A8F491100FDD613 /* LoginViewModel.swift in Sources */,
				61ED11B32A8E9F150033F587 /* Coordinator.swift in Sources */,
				6164FF2F2A75B2CF00AA770E /* ProductViewController+Extension.swift in Sources */,
				6186C0D62A69B3CA0049D959 /* SceneDelegate.swift in Sources */,
				614DF7842A95691000EE20E9 /* CartDataManager.swift in Sources */,
				61EDF16F2A771D7E00E90F80 /* ProductCoordinator.swift in Sources */,
				61EDF1682A76FEEC00E90F80 /* ProductViewModel.swift in Sources */,
				6164FF322A75B69700AA770E /* UIView+Extension.swift in Sources */,
				61B9389A2A81912C00016548 /* CollectionDataSource+Extension.swift in Sources */,
			);
			runOnlyForDeploymentPostprocessing = 0;
		};
/* End PBXSourcesBuildPhase section */

/* Begin PBXVariantGroup section */
		6186C0DE2A69B3CB0049D959 /* LaunchScreen.storyboard */ = {
			isa = PBXVariantGroup;
			children = (
				6186C0DF2A69B3CB0049D959 /* Base */,
			);
			name = LaunchScreen.storyboard;
			sourceTree = "<group>";
		};
/* End PBXVariantGroup section */

/* Begin XCBuildConfiguration section */
		6186C0E22A69B3CB0049D959 /* Debug */ = {
			isa = XCBuildConfiguration;
			buildSettings = {
				ALWAYS_SEARCH_USER_PATHS = NO;
				CLANG_ANALYZER_NONNULL = YES;
				CLANG_ANALYZER_NUMBER_OBJECT_CONVERSION = YES_AGGRESSIVE;
				CLANG_CXX_LANGUAGE_STANDARD = "gnu++20";
				CLANG_ENABLE_MODULES = YES;
				CLANG_ENABLE_OBJC_ARC = YES;
				CLANG_ENABLE_OBJC_WEAK = YES;
				CLANG_WARN_BLOCK_CAPTURE_AUTORELEASING = YES;
				CLANG_WARN_BOOL_CONVERSION = YES;
				CLANG_WARN_COMMA = YES;
				CLANG_WARN_CONSTANT_CONVERSION = YES;
				CLANG_WARN_DEPRECATED_OBJC_IMPLEMENTATIONS = YES;
				CLANG_WARN_DIRECT_OBJC_ISA_USAGE = YES_ERROR;
				CLANG_WARN_DOCUMENTATION_COMMENTS = YES;
				CLANG_WARN_EMPTY_BODY = YES;
				CLANG_WARN_ENUM_CONVERSION = YES;
				CLANG_WARN_INFINITE_RECURSION = YES;
				CLANG_WARN_INT_CONVERSION = YES;
				CLANG_WARN_NON_LITERAL_NULL_CONVERSION = YES;
				CLANG_WARN_OBJC_IMPLICIT_RETAIN_SELF = YES;
				CLANG_WARN_OBJC_LITERAL_CONVERSION = YES;
				CLANG_WARN_OBJC_ROOT_CLASS = YES_ERROR;
				CLANG_WARN_QUOTED_INCLUDE_IN_FRAMEWORK_HEADER = YES;
				CLANG_WARN_RANGE_LOOP_ANALYSIS = YES;
				CLANG_WARN_STRICT_PROTOTYPES = YES;
				CLANG_WARN_SUSPICIOUS_MOVE = YES;
				CLANG_WARN_UNGUARDED_AVAILABILITY = YES_AGGRESSIVE;
				CLANG_WARN_UNREACHABLE_CODE = YES;
				CLANG_WARN__DUPLICATE_METHOD_MATCH = YES;
				COPY_PHASE_STRIP = NO;
				DEBUG_INFORMATION_FORMAT = dwarf;
				ENABLE_STRICT_OBJC_MSGSEND = YES;
				ENABLE_TESTABILITY = YES;
				GCC_C_LANGUAGE_STANDARD = gnu11;
				GCC_DYNAMIC_NO_PIC = NO;
				GCC_NO_COMMON_BLOCKS = YES;
				GCC_OPTIMIZATION_LEVEL = 0;
				GCC_PREPROCESSOR_DEFINITIONS = (
					"DEBUG=1",
					"$(inherited)",
				);
				GCC_WARN_64_TO_32_BIT_CONVERSION = YES;
				GCC_WARN_ABOUT_RETURN_TYPE = YES_ERROR;
				GCC_WARN_UNDECLARED_SELECTOR = YES;
				GCC_WARN_UNINITIALIZED_AUTOS = YES_AGGRESSIVE;
				GCC_WARN_UNUSED_FUNCTION = YES;
				GCC_WARN_UNUSED_VARIABLE = YES;
				IPHONEOS_DEPLOYMENT_TARGET = 16.3;
				MTL_ENABLE_DEBUG_INFO = INCLUDE_SOURCE;
				MTL_FAST_MATH = YES;
				ONLY_ACTIVE_ARCH = YES;
				SDKROOT = iphoneos;
				SWIFT_ACTIVE_COMPILATION_CONDITIONS = DEBUG;
				SWIFT_OPTIMIZATION_LEVEL = "-Onone";
			};
			name = Debug;
		};
		6186C0E32A69B3CB0049D959 /* Release */ = {
			isa = XCBuildConfiguration;
			buildSettings = {
				ALWAYS_SEARCH_USER_PATHS = NO;
				CLANG_ANALYZER_NONNULL = YES;
				CLANG_ANALYZER_NUMBER_OBJECT_CONVERSION = YES_AGGRESSIVE;
				CLANG_CXX_LANGUAGE_STANDARD = "gnu++20";
				CLANG_ENABLE_MODULES = YES;
				CLANG_ENABLE_OBJC_ARC = YES;
				CLANG_ENABLE_OBJC_WEAK = YES;
				CLANG_WARN_BLOCK_CAPTURE_AUTORELEASING = YES;
				CLANG_WARN_BOOL_CONVERSION = YES;
				CLANG_WARN_COMMA = YES;
				CLANG_WARN_CONSTANT_CONVERSION = YES;
				CLANG_WARN_DEPRECATED_OBJC_IMPLEMENTATIONS = YES;
				CLANG_WARN_DIRECT_OBJC_ISA_USAGE = YES_ERROR;
				CLANG_WARN_DOCUMENTATION_COMMENTS = YES;
				CLANG_WARN_EMPTY_BODY = YES;
				CLANG_WARN_ENUM_CONVERSION = YES;
				CLANG_WARN_INFINITE_RECURSION = YES;
				CLANG_WARN_INT_CONVERSION = YES;
				CLANG_WARN_NON_LITERAL_NULL_CONVERSION = YES;
				CLANG_WARN_OBJC_IMPLICIT_RETAIN_SELF = YES;
				CLANG_WARN_OBJC_LITERAL_CONVERSION = YES;
				CLANG_WARN_OBJC_ROOT_CLASS = YES_ERROR;
				CLANG_WARN_QUOTED_INCLUDE_IN_FRAMEWORK_HEADER = YES;
				CLANG_WARN_RANGE_LOOP_ANALYSIS = YES;
				CLANG_WARN_STRICT_PROTOTYPES = YES;
				CLANG_WARN_SUSPICIOUS_MOVE = YES;
				CLANG_WARN_UNGUARDED_AVAILABILITY = YES_AGGRESSIVE;
				CLANG_WARN_UNREACHABLE_CODE = YES;
				CLANG_WARN__DUPLICATE_METHOD_MATCH = YES;
				COPY_PHASE_STRIP = NO;
				DEBUG_INFORMATION_FORMAT = "dwarf-with-dsym";
				ENABLE_NS_ASSERTIONS = NO;
				ENABLE_STRICT_OBJC_MSGSEND = YES;
				GCC_C_LANGUAGE_STANDARD = gnu11;
				GCC_NO_COMMON_BLOCKS = YES;
				GCC_WARN_64_TO_32_BIT_CONVERSION = YES;
				GCC_WARN_ABOUT_RETURN_TYPE = YES_ERROR;
				GCC_WARN_UNDECLARED_SELECTOR = YES;
				GCC_WARN_UNINITIALIZED_AUTOS = YES_AGGRESSIVE;
				GCC_WARN_UNUSED_FUNCTION = YES;
				GCC_WARN_UNUSED_VARIABLE = YES;
				IPHONEOS_DEPLOYMENT_TARGET = 16.3;
				MTL_ENABLE_DEBUG_INFO = NO;
				MTL_FAST_MATH = YES;
				SDKROOT = iphoneos;
				SWIFT_COMPILATION_MODE = wholemodule;
				SWIFT_OPTIMIZATION_LEVEL = "-O";
				VALIDATE_PRODUCT = YES;
			};
			name = Release;
		};
		6186C0E52A69B3CB0049D959 /* Debug */ = {
			isa = XCBuildConfiguration;
			baseConfigurationReference = 1E6F2C321CBFD32FE79DA052 /* Pods-Catberries.debug.xcconfig */;
			buildSettings = {
				ASSETCATALOG_COMPILER_APPICON_NAME = AppIcon;
				ASSETCATALOG_COMPILER_GLOBAL_ACCENT_COLOR_NAME = AccentColor;
				CODE_SIGN_STYLE = Automatic;
				CURRENT_PROJECT_VERSION = 1;
				GENERATE_INFOPLIST_FILE = YES;
				INFOPLIST_FILE = Catberries/Info.plist;
				INFOPLIST_KEY_UIApplicationSupportsIndirectInputEvents = YES;
				INFOPLIST_KEY_UILaunchStoryboardName = LaunchScreen;
				INFOPLIST_KEY_UIMainStoryboardFile = "";
				INFOPLIST_KEY_UISupportedInterfaceOrientations_iPad = "UIInterfaceOrientationPortrait UIInterfaceOrientationPortraitUpsideDown UIInterfaceOrientationLandscapeLeft UIInterfaceOrientationLandscapeRight";
				INFOPLIST_KEY_UISupportedInterfaceOrientations_iPhone = "UIInterfaceOrientationPortrait UIInterfaceOrientationLandscapeLeft UIInterfaceOrientationLandscapeRight";
				LD_RUNPATH_SEARCH_PATHS = (
					"$(inherited)",
					"@executable_path/Frameworks",
				);
				MARKETING_VERSION = 1.0;
				PRODUCT_BUNDLE_IDENTIFIER = ILC.Catberries;
				PRODUCT_NAME = "$(TARGET_NAME)";
				SWIFT_EMIT_LOC_STRINGS = YES;
				SWIFT_VERSION = 5.0;
				TARGETED_DEVICE_FAMILY = "1,2";
			};
			name = Debug;
		};
		6186C0E62A69B3CB0049D959 /* Release */ = {
			isa = XCBuildConfiguration;
			baseConfigurationReference = 8E02A8DD9A5410AEEE847851 /* Pods-Catberries.release.xcconfig */;
			buildSettings = {
				ASSETCATALOG_COMPILER_APPICON_NAME = AppIcon;
				ASSETCATALOG_COMPILER_GLOBAL_ACCENT_COLOR_NAME = AccentColor;
				CODE_SIGN_STYLE = Automatic;
				CURRENT_PROJECT_VERSION = 1;
				GENERATE_INFOPLIST_FILE = YES;
				INFOPLIST_FILE = Catberries/Info.plist;
				INFOPLIST_KEY_UIApplicationSupportsIndirectInputEvents = YES;
				INFOPLIST_KEY_UILaunchStoryboardName = LaunchScreen;
				INFOPLIST_KEY_UIMainStoryboardFile = "";
				INFOPLIST_KEY_UISupportedInterfaceOrientations_iPad = "UIInterfaceOrientationPortrait UIInterfaceOrientationPortraitUpsideDown UIInterfaceOrientationLandscapeLeft UIInterfaceOrientationLandscapeRight";
				INFOPLIST_KEY_UISupportedInterfaceOrientations_iPhone = "UIInterfaceOrientationPortrait UIInterfaceOrientationLandscapeLeft UIInterfaceOrientationLandscapeRight";
				LD_RUNPATH_SEARCH_PATHS = (
					"$(inherited)",
					"@executable_path/Frameworks",
				);
				MARKETING_VERSION = 1.0;
				PRODUCT_BUNDLE_IDENTIFIER = ILC.Catberries;
				PRODUCT_NAME = "$(TARGET_NAME)";
				SWIFT_EMIT_LOC_STRINGS = YES;
				SWIFT_VERSION = 5.0;
				TARGETED_DEVICE_FAMILY = "1,2";
			};
			name = Release;
		};
/* End XCBuildConfiguration section */

/* Begin XCConfigurationList section */
		6186C0CB2A69B3C90049D959 /* Build configuration list for PBXProject "Catberries" */ = {
			isa = XCConfigurationList;
			buildConfigurations = (
				6186C0E22A69B3CB0049D959 /* Debug */,
				6186C0E32A69B3CB0049D959 /* Release */,
			);
			defaultConfigurationIsVisible = 0;
			defaultConfigurationName = Release;
		};
		6186C0E42A69B3CB0049D959 /* Build configuration list for PBXNativeTarget "Catberries" */ = {
			isa = XCConfigurationList;
			buildConfigurations = (
				6186C0E52A69B3CB0049D959 /* Debug */,
				6186C0E62A69B3CB0049D959 /* Release */,
			);
			defaultConfigurationIsVisible = 0;
			defaultConfigurationName = Release;
		};
/* End XCConfigurationList section */
	};
	rootObject = 6186C0C82A69B3C90049D959 /* Project object */;
}
