PODS:
  - Alamofire (5.7.1)
  - SwiftLint (0.52.4)

DEPENDENCIES:
  - Alamofire
  - SwiftLint

SPEC REPOS:
  trunk:
    - Alamofire
    - SwiftLint

SPEC CHECKSUMS:
  Alamofire: 0123a34370cb170936ae79a8df46cc62b2edeb88
  SwiftLint: 1cc5cd61ba9bacb2194e340aeb47a2a37fda00b3

PODFILE CHECKSUM: 49a0dffd355d3ee7ef99998e8018f4e8680434ee

COCOAPODS: 1.12.0
